github.com/Zyko0/go-sdl3 v0.0.0-20260110140519-1153949d16c5 h1:wxBsl9xJc9eIMq6CYrLUpR/ohES9DPejqFBtRyXnf4M=
github.com/Zyko0/go-sdl3 v0.0.0-20260110140519-1153949d16c5/go.mod h1:mJcKev/gsLraiuXsB/EPyh4hdYnsUHyNU5CXch3cv0A=
github.com/Zyko0/purego-gen v0.0.0-20250727121216-3bcd331a1e0c h1:3z1BdpfvUbaP7oXjPabl7STN7zz88S432hZJ8M095kI=
github.com/Zyko0/purego-gen v0.0.0-20250727121216-3bcd331a1e0c/go.mod h1:xpUxPkAb7v0Ffn/NGp1XpD+tZly4dpSPI7DTAFT37es=
github.com/creack/pty v1.1.24 h1:bJrF4RRfyJnbTJqzRLHzcGaZK1NeM5kTC9jGgovnR1s=
github.com/creack/pty v1.1.24/go.mod h1:08sCNb52WyoAwi2QDyzUCTgcvVFhUzewun7wtTfvcwE=
github.com/danielgatis/go-utf8 v1.0.1 h1:0tXC3eI9I+11X3DwF46Auqjcq1KrsQCQsaI8k/ymGhU=
github.com/danielgatis/go-utf8 v1.0.1/go.mod h1:TGCny5E5wwT7AHD5cAj941LnjZLTqcHXlK4Zq0FqDPw=
github.com/danielgatis/go-vte v1.0.11 h1:xcVrqdCqP08zhSW0rn7tETpz3QMEJOvkoLhd2VYU0SQ=
github.com/danielgatis/go-vte v1.0.11/go.mod h1:ITnFCD8DqOM9TPhxvxcGABmbcUfC1yJsb3e+l2NCKJQ=
github.com/davecgh/go-spew v1.1.1 h1:vj9j/u1bqnvCEfJOwUhtlOARqs3+rkHYY13jYWTU97c=
github.com/davecgh/go-spew v1.1.1/go.mod h1:J7Y8YcW2NihsgmVo/mv3lAwl/skON4iLHjSsI+c5H38=
github.com/ebitengine/purego v0.9.1 h1:a/k2f2HQU3Pi399RPW1MOaZyhKJL9w/xFpKAg4q1s0A=
github.com/ebitengine/purego v0.9.1/go.mod h1:iIjxzd6CiRiOG0UyXP+V1+jWqUXVjPKLAI0mRfJZTmQ=
github.com/pmezard/go-difflib v1.0.0 h1:4DBwDE0NGyQoBHbLQYPwSUPoCMWR5BEzIk/f1lZbAQM=
github.com/pmezard/go-difflib v1.0.0/go.mod h1:iKH77koFhYxTK1pcRnkKkqfTogsbg7gZNVY4sRDYZ/4=
github.com/stretchr/testify v1.8.4 h1:CcVxjf3Q8PM0mHUKJCdn+eZZtm5yQwehR5yeSVQQcUk=
github.com/stretchr/testify v1.8.4/go.mod h1:sz/lmYIOXD/1dqDmKjjqLyZ2RngseejIcXlSw2iwfAo=
golang.org/x/sys v0.7.0 h1:3jlCCIQZPdOYu1h8BkNvLz8Kgwtae2cagcG/VamtZRU=
golang.org/x/sys v0.7.0/go.mod h1:oPkhp1MJrh7nUepCBck5+mAzfO9JrbApNNgaTdGDITg=
gopkg.in/yaml.v3 v3.0.1 h1:fxVm/GzAzEWqLHuvctI91KS9hhNmmWOoWu0XTYJS7CA=
gopkg.in/yaml.v3 v3.0.1/go.mod h1:K4uyk7z7BCEPqu6E+C64Yfv1cQ7kz7rIZviUmN+EgEM=
